
Microsoft Visual Studio Solution File, Format Version 12.00
# Visual Studio 15
VisualStudioVersion = 15.0.26430.6
MinimumVisualStudioVersion = 10.0.40219.1
Project("{D954291E-2A0B-460D-934E-DC6B0785DB48}") = "MalSearcher", "MalSearcher\MalSearcher\MalSearcher.shproj", "{CDA1A9F1-7D1A-4E4F-ADD3-CB5C110E2DD0}"
EndProject
Project("{FAE04EC0-301F-11D3-BF4B-00C04F79EFBC}") = "MalSearcher.Android", "MalSearcher\MalSearcher.Android\MalSearcher.Android.csproj", "{28353467-1D4E-4443-B267-BE1B444072CE}"
	ProjectSection(ProjectDependencies) = postProject
		{C1A118E4-7DAC-4CB0-AE2A-DA80B670BF43} = {C1A118E4-7DAC-4CB0-AE2A-DA80B670BF43}
	EndProjectSection
EndProject
Project("{FAE04EC0-301F-11D3-BF4B-00C04F79EFBC}") = "MalSearcher.iOS", "MalSearcher\MalSearcher.iOS\MalSearcher.iOS.csproj", "{14ECF02C-AD34-4FEA-9B92-B039A15F360F}"
	ProjectSection(ProjectDependencies) = postProject
		{C1A118E4-7DAC-4CB0-AE2A-DA80B670BF43} = {C1A118E4-7DAC-4CB0-AE2A-DA80B670BF43}
	EndProjectSection
EndProject
Project("{FAE04EC0-301F-11D3-BF4B-00C04F79EFBC}") = "Database", "Database\Database.csproj", "{C1A118E4-7DAC-4CB0-AE2A-DA80B670BF43}"
EndProject
Project("{FAE04EC0-301F-11D3-BF4B-00C04F79EFBC}") = "UnitTestApp2", "UnitTestApp2\UnitTestApp2.csproj", "{935F0E68-4197-4257-A80E-8AC1C08D8DDD}"
EndProject
Global
	GlobalSection(SharedMSBuildProjectFiles) = preSolution
		MalSearcher\MalSearcher\MalSearcher.projitems*{14ecf02c-ad34-4fea-9b92-b039a15f360f}*SharedItemsImports = 4
		MalSearcher\MalSearcher\MalSearcher.projitems*{28353467-1d4e-4443-b267-be1b444072ce}*SharedItemsImports = 4
		MalSearcher\MalSearcher\MalSearcher.projitems*{935f0e68-4197-4257-a80e-8ac1c08d8ddd}*SharedItemsImports = 4
		MalSearcher\MalSearcher\MalSearcher.projitems*{cda1a9f1-7d1a-4e4f-add3-cb5c110e2dd0}*SharedItemsImports = 13
	EndGlobalSection
	GlobalSection(SolutionConfigurationPlatforms) = preSolution
		Ad-Hoc|Any CPU = Ad-Hoc|Any CPU
		Ad-Hoc|ARM = Ad-Hoc|ARM
		Ad-Hoc|iPhone = Ad-Hoc|iPhone
		Ad-Hoc|iPhoneSimulator = Ad-Hoc|iPhoneSimulator
		Ad-Hoc|x64 = Ad-Hoc|x64
		Ad-Hoc|x86 = Ad-Hoc|x86
		AppStore|Any CPU = AppStore|Any CPU
		AppStore|ARM = AppStore|ARM
		AppStore|iPhone = AppStore|iPhone
		AppStore|iPhoneSimulator = AppStore|iPhoneSimulator
		AppStore|x64 = AppStore|x64
		AppStore|x86 = AppStore|x86
		Debug|Any CPU = Debug|Any CPU
		Debug|ARM = Debug|ARM
		Debug|iPhone = Debug|iPhone
		Debug|iPhoneSimulator = Debug|iPhoneSimulator
		Debug|x64 = Debug|x64
		Debug|x86 = Debug|x86
		Release|Any CPU = Release|Any CPU
		Release|ARM = Release|ARM
		Release|iPhone = Release|iPhone
		Release|iPhoneSimulator = Release|iPhoneSimulator
		Release|x64 = Release|x64
		Release|x86 = Release|x86
	EndGlobalSection
	GlobalSection(ProjectConfigurationPlatforms) = postSolution
		{28353467-1D4E-4443-B267-BE1B444072CE}.Ad-Hoc|Any CPU.ActiveCfg = Release|Any CPU
		{28353467-1D4E-4443-B267-BE1B444072CE}.Ad-Hoc|Any CPU.Build.0 = Release|Any CPU
		{28353467-1D4E-4443-B267-BE1B444072CE}.Ad-Hoc|Any CPU.Deploy.0 = Release|Any CPU
		{28353467-1D4E-4443-B267-BE1B444072CE}.Ad-Hoc|ARM.ActiveCfg = Debug|Any CPU
		{28353467-1D4E-4443-B267-BE1B444072CE}.Ad-Hoc|ARM.Build.0 = Debug|Any CPU
		{28353467-1D4E-4443-B267-BE1B444072CE}.Ad-Hoc|ARM.Deploy.0 = Debug|Any CPU
		{28353467-1D4E-4443-B267-BE1B444072CE}.Ad-Hoc|iPhone.ActiveCfg = Release|Any CPU
		{28353467-1D4E-4443-B267-BE1B444072CE}.Ad-Hoc|iPhone.Build.0 = Release|Any CPU
		{28353467-1D4E-4443-B267-BE1B444072CE}.Ad-Hoc|iPhone.Deploy.0 = Release|Any CPU
		{28353467-1D4E-4443-B267-BE1B444072CE}.Ad-Hoc|iPhoneSimulator.ActiveCfg = Release|Any CPU
		{28353467-1D4E-4443-B267-BE1B444072CE}.Ad-Hoc|iPhoneSimulator.Build.0 = Release|Any CPU
		{28353467-1D4E-4443-B267-BE1B444072CE}.Ad-Hoc|iPhoneSimulator.Deploy.0 = Release|Any CPU
		{28353467-1D4E-4443-B267-BE1B444072CE}.Ad-Hoc|x64.ActiveCfg = Debug|Any CPU
		{28353467-1D4E-4443-B267-BE1B444072CE}.Ad-Hoc|x64.Build.0 = Debug|Any CPU
		{28353467-1D4E-4443-B267-BE1B444072CE}.Ad-Hoc|x64.Deploy.0 = Debug|Any CPU
		{28353467-1D4E-4443-B267-BE1B444072CE}.Ad-Hoc|x86.ActiveCfg = Debug|Any CPU
		{28353467-1D4E-4443-B267-BE1B444072CE}.Ad-Hoc|x86.Build.0 = Debug|Any CPU
		{28353467-1D4E-4443-B267-BE1B444072CE}.Ad-Hoc|x86.Deploy.0 = Debug|Any CPU
		{28353467-1D4E-4443-B267-BE1B444072CE}.AppStore|Any CPU.ActiveCfg = Release|Any CPU
		{28353467-1D4E-4443-B267-BE1B444072CE}.AppStore|Any CPU.Build.0 = Release|Any CPU
		{28353467-1D4E-4443-B267-BE1B444072CE}.AppStore|Any CPU.Deploy.0 = Release|Any CPU
		{28353467-1D4E-4443-B267-BE1B444072CE}.AppStore|ARM.ActiveCfg = Debug|Any CPU
		{28353467-1D4E-4443-B267-BE1B444072CE}.AppStore|ARM.Build.0 = Debug|Any CPU
		{28353467-1D4E-4443-B267-BE1B444072CE}.AppStore|ARM.Deploy.0 = Debug|Any CPU
		{28353467-1D4E-4443-B267-BE1B444072CE}.AppStore|iPhone.ActiveCfg = Release|Any CPU
		{28353467-1D4E-4443-B267-BE1B444072CE}.AppStore|iPhone.Build.0 = Release|Any CPU
		{28353467-1D4E-4443-B267-BE1B444072CE}.AppStore|iPhone.Deploy.0 = Release|Any CPU
		{28353467-1D4E-4443-B267-BE1B444072CE}.AppStore|iPhoneSimulator.ActiveCfg = Release|Any CPU
		{28353467-1D4E-4443-B267-BE1B444072CE}.AppStore|iPhoneSimulator.Build.0 = Release|Any CPU
		{28353467-1D4E-4443-B267-BE1B444072CE}.AppStore|iPhoneSimulator.Deploy.0 = Release|Any CPU
		{28353467-1D4E-4443-B267-BE1B444072CE}.AppStore|x64.ActiveCfg = Debug|Any CPU
		{28353467-1D4E-4443-B267-BE1B444072CE}.AppStore|x64.Build.0 = Debug|Any CPU
		{28353467-1D4E-4443-B267-BE1B444072CE}.AppStore|x64.Deploy.0 = Debug|Any CPU
		{28353467-1D4E-4443-B267-BE1B444072CE}.AppStore|x86.ActiveCfg = Debug|Any CPU
		{28353467-1D4E-4443-B267-BE1B444072CE}.AppStore|x86.Build.0 = Debug|Any CPU
		{28353467-1D4E-4443-B267-BE1B444072CE}.AppStore|x86.Deploy.0 = Debug|Any CPU
		{28353467-1D4E-4443-B267-BE1B444072CE}.Debug|Any CPU.ActiveCfg = Debug|Any CPU
		{28353467-1D4E-4443-B267-BE1B444072CE}.Debug|Any CPU.Build.0 = Debug|Any CPU
		{28353467-1D4E-4443-B267-BE1B444072CE}.Debug|Any CPU.Deploy.0 = Debug|Any CPU
		{28353467-1D4E-4443-B267-BE1B444072CE}.Debug|ARM.ActiveCfg = Debug|Any CPU
		{28353467-1D4E-4443-B267-BE1B444072CE}.Debug|ARM.Build.0 = Debug|Any CPU
		{28353467-1D4E-4443-B267-BE1B444072CE}.Debug|ARM.Deploy.0 = Debug|Any CPU
		{28353467-1D4E-4443-B267-BE1B444072CE}.Debug|iPhone.ActiveCfg = Debug|Any CPU
		{28353467-1D4E-4443-B267-BE1B444072CE}.Debug|iPhone.Build.0 = Debug|Any CPU
		{28353467-1D4E-4443-B267-BE1B444072CE}.Debug|iPhone.Deploy.0 = Debug|Any CPU
		{28353467-1D4E-4443-B267-BE1B444072CE}.Debug|iPhoneSimulator.ActiveCfg = Debug|Any CPU
		{28353467-1D4E-4443-B267-BE1B444072CE}.Debug|iPhoneSimulator.Build.0 = Debug|Any CPU
		{28353467-1D4E-4443-B267-BE1B444072CE}.Debug|iPhoneSimulator.Deploy.0 = Debug|Any CPU
		{28353467-1D4E-4443-B267-BE1B444072CE}.Debug|x64.ActiveCfg = Debug|Any CPU
		{28353467-1D4E-4443-B267-BE1B444072CE}.Debug|x64.Build.0 = Debug|Any CPU
		{28353467-1D4E-4443-B267-BE1B444072CE}.Debug|x64.Deploy.0 = Debug|Any CPU
		{28353467-1D4E-4443-B267-BE1B444072CE}.Debug|x86.ActiveCfg = Debug|Any CPU
		{28353467-1D4E-4443-B267-BE1B444072CE}.Debug|x86.Build.0 = Debug|Any CPU
		{28353467-1D4E-4443-B267-BE1B444072CE}.Debug|x86.Deploy.0 = Debug|Any CPU
		{28353467-1D4E-4443-B267-BE1B444072CE}.Release|Any CPU.ActiveCfg = Release|Any CPU
		{28353467-1D4E-4443-B267-BE1B444072CE}.Release|Any CPU.Build.0 = Release|Any CPU
		{28353467-1D4E-4443-B267-BE1B444072CE}.Release|Any CPU.Deploy.0 = Release|Any CPU
		{28353467-1D4E-4443-B267-BE1B444072CE}.Release|ARM.ActiveCfg = Release|Any CPU
		{28353467-1D4E-4443-B267-BE1B444072CE}.Release|ARM.Build.0 = Release|Any CPU
		{28353467-1D4E-4443-B267-BE1B444072CE}.Release|ARM.Deploy.0 = Release|Any CPU
		{28353467-1D4E-4443-B267-BE1B444072CE}.Release|iPhone.ActiveCfg = Release|Any CPU
		{28353467-1D4E-4443-B267-BE1B444072CE}.Release|iPhone.Build.0 = Release|Any CPU
		{28353467-1D4E-4443-B267-BE1B444072CE}.Release|iPhone.Deploy.0 = Release|Any CPU
		{28353467-1D4E-4443-B267-BE1B444072CE}.Release|iPhoneSimulator.ActiveCfg = Release|Any CPU
		{28353467-1D4E-4443-B267-BE1B444072CE}.Release|iPhoneSimulator.Build.0 = Release|Any CPU
		{28353467-1D4E-4443-B267-BE1B444072CE}.Release|iPhoneSimulator.Deploy.0 = Release|Any CPU
		{28353467-1D4E-4443-B267-BE1B444072CE}.Release|x64.ActiveCfg = Release|Any CPU
		{28353467-1D4E-4443-B267-BE1B444072CE}.Release|x64.Build.0 = Release|Any CPU
		{28353467-1D4E-4443-B267-BE1B444072CE}.Release|x64.Deploy.0 = Release|Any CPU
		{28353467-1D4E-4443-B267-BE1B444072CE}.Release|x86.ActiveCfg = Release|Any CPU
		{28353467-1D4E-4443-B267-BE1B444072CE}.Release|x86.Build.0 = Release|Any CPU
		{28353467-1D4E-4443-B267-BE1B444072CE}.Release|x86.Deploy.0 = Release|Any CPU
		{14ECF02C-AD34-4FEA-9B92-B039A15F360F}.Ad-Hoc|Any CPU.ActiveCfg = Ad-Hoc|iPhone
		{14ECF02C-AD34-4FEA-9B92-B039A15F360F}.Ad-Hoc|ARM.ActiveCfg = Ad-Hoc|iPhoneSimulator
		{14ECF02C-AD34-4FEA-9B92-B039A15F360F}.Ad-Hoc|iPhone.ActiveCfg = Ad-Hoc|iPhone
		{14ECF02C-AD34-4FEA-9B92-B039A15F360F}.Ad-Hoc|iPhone.Build.0 = Ad-Hoc|iPhone
		{14ECF02C-AD34-4FEA-9B92-B039A15F360F}.Ad-Hoc|iPhoneSimulator.ActiveCfg = Ad-Hoc|iPhoneSimulator
		{14ECF02C-AD34-4FEA-9B92-B039A15F360F}.Ad-Hoc|iPhoneSimulator.Build.0 = Ad-Hoc|iPhoneSimulator
		{14ECF02C-AD34-4FEA-9B92-B039A15F360F}.Ad-Hoc|x64.ActiveCfg = Ad-Hoc|iPhoneSimulator
		{14ECF02C-AD34-4FEA-9B92-B039A15F360F}.Ad-Hoc|x86.ActiveCfg = Ad-Hoc|iPhoneSimulator
		{14ECF02C-AD34-4FEA-9B92-B039A15F360F}.AppStore|Any CPU.ActiveCfg = AppStore|iPhone
		{14ECF02C-AD34-4FEA-9B92-B039A15F360F}.AppStore|ARM.ActiveCfg = AppStore|iPhoneSimulator
		{14ECF02C-AD34-4FEA-9B92-B039A15F360F}.AppStore|iPhone.ActiveCfg = AppStore|iPhone
		{14ECF02C-AD34-4FEA-9B92-B039A15F360F}.AppStore|iPhone.Build.0 = AppStore|iPhone
		{14ECF02C-AD34-4FEA-9B92-B039A15F360F}.AppStore|iPhoneSimulator.ActiveCfg = AppStore|iPhoneSimulator
		{14ECF02C-AD34-4FEA-9B92-B039A15F360F}.AppStore|iPhoneSimulator.Build.0 = AppStore|iPhoneSimulator
		{14ECF02C-AD34-4FEA-9B92-B039A15F360F}.AppStore|x64.ActiveCfg = AppStore|iPhoneSimulator
		{14ECF02C-AD34-4FEA-9B92-B039A15F360F}.AppStore|x86.ActiveCfg = AppStore|iPhoneSimulator
		{14ECF02C-AD34-4FEA-9B92-B039A15F360F}.Debug|Any CPU.ActiveCfg = Debug|iPhone
		{14ECF02C-AD34-4FEA-9B92-B039A15F360F}.Debug|ARM.ActiveCfg = Debug|iPhoneSimulator
		{14ECF02C-AD34-4FEA-9B92-B039A15F360F}.Debug|iPhone.ActiveCfg = Debug|iPhone
		{14ECF02C-AD34-4FEA-9B92-B039A15F360F}.Debug|iPhone.Build.0 = Debug|iPhone
		{14ECF02C-AD34-4FEA-9B92-B039A15F360F}.Debug|iPhoneSimulator.ActiveCfg = Debug|iPhoneSimulator
		{14ECF02C-AD34-4FEA-9B92-B039A15F360F}.Debug|iPhoneSimulator.Build.0 = Debug|iPhoneSimulator
		{14ECF02C-AD34-4FEA-9B92-B039A15F360F}.Debug|x64.ActiveCfg = Debug|iPhoneSimulator
		{14ECF02C-AD34-4FEA-9B92-B039A15F360F}.Debug|x86.ActiveCfg = Debug|iPhoneSimulator
		{14ECF02C-AD34-4FEA-9B92-B039A15F360F}.Release|Any CPU.ActiveCfg = Release|iPhone
		{14ECF02C-AD34-4FEA-9B92-B039A15F360F}.Release|ARM.ActiveCfg = Release|iPhoneSimulator
		{14ECF02C-AD34-4FEA-9B92-B039A15F360F}.Release|iPhone.ActiveCfg = Release|iPhone
		{14ECF02C-AD34-4FEA-9B92-B039A15F360F}.Release|iPhone.Build.0 = Release|iPhone
		{14ECF02C-AD34-4FEA-9B92-B039A15F360F}.Release|iPhoneSimulator.ActiveCfg = Release|iPhoneSimulator
		{14ECF02C-AD34-4FEA-9B92-B039A15F360F}.Release|iPhoneSimulator.Build.0 = Release|iPhoneSimulator
		{14ECF02C-AD34-4FEA-9B92-B039A15F360F}.Release|x64.ActiveCfg = Release|iPhoneSimulator
		{14ECF02C-AD34-4FEA-9B92-B039A15F360F}.Release|x86.ActiveCfg = Release|iPhoneSimulator
		{C1A118E4-7DAC-4CB0-AE2A-DA80B670BF43}.Ad-Hoc|Any CPU.ActiveCfg = Release|Any CPU
		{C1A118E4-7DAC-4CB0-AE2A-DA80B670BF43}.Ad-Hoc|Any CPU.Build.0 = Release|Any CPU
		{C1A118E4-7DAC-4CB0-AE2A-DA80B670BF43}.Ad-Hoc|ARM.ActiveCfg = Release|Any CPU
		{C1A118E4-7DAC-4CB0-AE2A-DA80B670BF43}.Ad-Hoc|ARM.Build.0 = Release|Any CPU
		{C1A118E4-7DAC-4CB0-AE2A-DA80B670BF43}.Ad-Hoc|iPhone.ActiveCfg = Release|Any CPU
		{C1A118E4-7DAC-4CB0-AE2A-DA80B670BF43}.Ad-Hoc|iPhone.Build.0 = Release|Any CPU
		{C1A118E4-7DAC-4CB0-AE2A-DA80B670BF43}.Ad-Hoc|iPhoneSimulator.ActiveCfg = Release|Any CPU
		{C1A118E4-7DAC-4CB0-AE2A-DA80B670BF43}.Ad-Hoc|iPhoneSimulator.Build.0 = Release|Any CPU
		{C1A118E4-7DAC-4CB0-AE2A-DA80B670BF43}.Ad-Hoc|x64.ActiveCfg = Release|Any CPU
		{C1A118E4-7DAC-4CB0-AE2A-DA80B670BF43}.Ad-Hoc|x64.Build.0 = Release|Any CPU
		{C1A118E4-7DAC-4CB0-AE2A-DA80B670BF43}.Ad-Hoc|x86.ActiveCfg = Release|Any CPU
		{C1A118E4-7DAC-4CB0-AE2A-DA80B670BF43}.Ad-Hoc|x86.Build.0 = Release|Any CPU
		{C1A118E4-7DAC-4CB0-AE2A-DA80B670BF43}.AppStore|Any CPU.ActiveCfg = Release|Any CPU
		{C1A118E4-7DAC-4CB0-AE2A-DA80B670BF43}.AppStore|Any CPU.Build.0 = Release|Any CPU
		{C1A118E4-7DAC-4CB0-AE2A-DA80B670BF43}.AppStore|ARM.ActiveCfg = Release|Any CPU
		{C1A118E4-7DAC-4CB0-AE2A-DA80B670BF43}.AppStore|ARM.Build.0 = Release|Any CPU
		{C1A118E4-7DAC-4CB0-AE2A-DA80B670BF43}.AppStore|iPhone.ActiveCfg = Release|Any CPU
		{C1A118E4-7DAC-4CB0-AE2A-DA80B670BF43}.AppStore|iPhone.Build.0 = Release|Any CPU
		{C1A118E4-7DAC-4CB0-AE2A-DA80B670BF43}.AppStore|iPhoneSimulator.ActiveCfg = Release|Any CPU
		{C1A118E4-7DAC-4CB0-AE2A-DA80B670BF43}.AppStore|iPhoneSimulator.Build.0 = Release|Any CPU
		{C1A118E4-7DAC-4CB0-AE2A-DA80B670BF43}.AppStore|x64.ActiveCfg = Release|Any CPU
		{C1A118E4-7DAC-4CB0-AE2A-DA80B670BF43}.AppStore|x64.Build.0 = Release|Any CPU
		{C1A118E4-7DAC-4CB0-AE2A-DA80B670BF43}.AppStore|x86.ActiveCfg = Release|Any CPU
		{C1A118E4-7DAC-4CB0-AE2A-DA80B670BF43}.AppStore|x86.Build.0 = Release|Any CPU
		{C1A118E4-7DAC-4CB0-AE2A-DA80B670BF43}.Debug|Any CPU.ActiveCfg = Debug|Any CPU
		{C1A118E4-7DAC-4CB0-AE2A-DA80B670BF43}.Debug|Any CPU.Build.0 = Debug|Any CPU
		{C1A118E4-7DAC-4CB0-AE2A-DA80B670BF43}.Debug|ARM.ActiveCfg = Debug|Any CPU
		{C1A118E4-7DAC-4CB0-AE2A-DA80B670BF43}.Debug|ARM.Build.0 = Debug|Any CPU
		{C1A118E4-7DAC-4CB0-AE2A-DA80B670BF43}.Debug|iPhone.ActiveCfg = Debug|Any CPU
		{C1A118E4-7DAC-4CB0-AE2A-DA80B670BF43}.Debug|iPhone.Build.0 = Debug|Any CPU
		{C1A118E4-7DAC-4CB0-AE2A-DA80B670BF43}.Debug|iPhoneSimulator.ActiveCfg = Debug|Any CPU
		{C1A118E4-7DAC-4CB0-AE2A-DA80B670BF43}.Debug|iPhoneSimulator.Build.0 = Debug|Any CPU
		{C1A118E4-7DAC-4CB0-AE2A-DA80B670BF43}.Debug|x64.ActiveCfg = Debug|Any CPU
		{C1A118E4-7DAC-4CB0-AE2A-DA80B670BF43}.Debug|x64.Build.0 = Debug|Any CPU
		{C1A118E4-7DAC-4CB0-AE2A-DA80B670BF43}.Debug|x86.ActiveCfg = Debug|Any CPU
		{C1A118E4-7DAC-4CB0-AE2A-DA80B670BF43}.Debug|x86.Build.0 = Debug|Any CPU
		{C1A118E4-7DAC-4CB0-AE2A-DA80B670BF43}.Release|Any CPU.ActiveCfg = Release|Any CPU
		{C1A118E4-7DAC-4CB0-AE2A-DA80B670BF43}.Release|Any CPU.Build.0 = Release|Any CPU
		{C1A118E4-7DAC-4CB0-AE2A-DA80B670BF43}.Release|ARM.ActiveCfg = Release|Any CPU
		{C1A118E4-7DAC-4CB0-AE2A-DA80B670BF43}.Release|ARM.Build.0 = Release|Any CPU
		{C1A118E4-7DAC-4CB0-AE2A-DA80B670BF43}.Release|iPhone.ActiveCfg = Release|Any CPU
		{C1A118E4-7DAC-4CB0-AE2A-DA80B670BF43}.Release|iPhone.Build.0 = Release|Any CPU
		{C1A118E4-7DAC-4CB0-AE2A-DA80B670BF43}.Release|iPhoneSimulator.ActiveCfg = Release|Any CPU
		{C1A118E4-7DAC-4CB0-AE2A-DA80B670BF43}.Release|iPhoneSimulator.Build.0 = Release|Any CPU
		{C1A118E4-7DAC-4CB0-AE2A-DA80B670BF43}.Release|x64.ActiveCfg = Release|Any CPU
		{C1A118E4-7DAC-4CB0-AE2A-DA80B670BF43}.Release|x64.Build.0 = Release|Any CPU
		{C1A118E4-7DAC-4CB0-AE2A-DA80B670BF43}.Release|x86.ActiveCfg = Release|Any CPU
		{C1A118E4-7DAC-4CB0-AE2A-DA80B670BF43}.Release|x86.Build.0 = Release|Any CPU
		{935F0E68-4197-4257-A80E-8AC1C08D8DDD}.Ad-Hoc|Any CPU.ActiveCfg = Release|Any CPU
		{935F0E68-4197-4257-A80E-8AC1C08D8DDD}.Ad-Hoc|Any CPU.Build.0 = Release|Any CPU
		{935F0E68-4197-4257-A80E-8AC1C08D8DDD}.Ad-Hoc|Any CPU.Deploy.0 = Release|Any CPU
		{935F0E68-4197-4257-A80E-8AC1C08D8DDD}.Ad-Hoc|ARM.ActiveCfg = Release|Any CPU
		{935F0E68-4197-4257-A80E-8AC1C08D8DDD}.Ad-Hoc|ARM.Build.0 = Release|Any CPU
		{935F0E68-4197-4257-A80E-8AC1C08D8DDD}.Ad-Hoc|ARM.Deploy.0 = Release|Any CPU
		{935F0E68-4197-4257-A80E-8AC1C08D8DDD}.Ad-Hoc|iPhone.ActiveCfg = Release|Any CPU
		{935F0E68-4197-4257-A80E-8AC1C08D8DDD}.Ad-Hoc|iPhone.Build.0 = Release|Any CPU
		{935F0E68-4197-4257-A80E-8AC1C08D8DDD}.Ad-Hoc|iPhone.Deploy.0 = Release|Any CPU
		{935F0E68-4197-4257-A80E-8AC1C08D8DDD}.Ad-Hoc|iPhoneSimulator.ActiveCfg = Release|Any CPU
		{935F0E68-4197-4257-A80E-8AC1C08D8DDD}.Ad-Hoc|iPhoneSimulator.Build.0 = Release|Any CPU
		{935F0E68-4197-4257-A80E-8AC1C08D8DDD}.Ad-Hoc|iPhoneSimulator.Deploy.0 = Release|Any CPU
		{935F0E68-4197-4257-A80E-8AC1C08D8DDD}.Ad-Hoc|x64.ActiveCfg = Release|Any CPU
		{935F0E68-4197-4257-A80E-8AC1C08D8DDD}.Ad-Hoc|x64.Build.0 = Release|Any CPU
		{935F0E68-4197-4257-A80E-8AC1C08D8DDD}.Ad-Hoc|x64.Deploy.0 = Release|Any CPU
		{935F0E68-4197-4257-A80E-8AC1C08D8DDD}.Ad-Hoc|x86.ActiveCfg = Release|Any CPU
		{935F0E68-4197-4257-A80E-8AC1C08D8DDD}.Ad-Hoc|x86.Build.0 = Release|Any CPU
		{935F0E68-4197-4257-A80E-8AC1C08D8DDD}.Ad-Hoc|x86.Deploy.0 = Release|Any CPU
		{935F0E68-4197-4257-A80E-8AC1C08D8DDD}.AppStore|Any CPU.ActiveCfg = Release|Any CPU
		{935F0E68-4197-4257-A80E-8AC1C08D8DDD}.AppStore|Any CPU.Build.0 = Release|Any CPU
		{935F0E68-4197-4257-A80E-8AC1C08D8DDD}.AppStore|Any CPU.Deploy.0 = Release|Any CPU
		{935F0E68-4197-4257-A80E-8AC1C08D8DDD}.AppStore|ARM.ActiveCfg = Release|Any CPU
		{935F0E68-4197-4257-A80E-8AC1C08D8DDD}.AppStore|ARM.Build.0 = Release|Any CPU
		{935F0E68-4197-4257-A80E-8AC1C08D8DDD}.AppStore|ARM.Deploy.0 = Release|Any CPU
		{935F0E68-4197-4257-A80E-8AC1C08D8DDD}.AppStore|iPhone.ActiveCfg = Release|Any CPU
		{935F0E68-4197-4257-A80E-8AC1C08D8DDD}.AppStore|iPhone.Build.0 = Release|Any CPU
		{935F0E68-4197-4257-A80E-8AC1C08D8DDD}.AppStore|iPhone.Deploy.0 = Release|Any CPU
		{935F0E68-4197-4257-A80E-8AC1C08D8DDD}.AppStore|iPhoneSimulator.ActiveCfg = Release|Any CPU
		{935F0E68-4197-4257-A80E-8AC1C08D8DDD}.AppStore|iPhoneSimulator.Build.0 = Release|Any CPU
		{935F0E68-4197-4257-A80E-8AC1C08D8DDD}.AppStore|iPhoneSimulator.Deploy.0 = Release|Any CPU
		{935F0E68-4197-4257-A80E-8AC1C08D8DDD}.AppStore|x64.ActiveCfg = Release|Any CPU
		{935F0E68-4197-4257-A80E-8AC1C08D8DDD}.AppStore|x64.Build.0 = Release|Any CPU
		{935F0E68-4197-4257-A80E-8AC1C08D8DDD}.AppStore|x64.Deploy.0 = Release|Any CPU
		{935F0E68-4197-4257-A80E-8AC1C08D8DDD}.AppStore|x86.ActiveCfg = Release|Any CPU
		{935F0E68-4197-4257-A80E-8AC1C08D8DDD}.AppStore|x86.Build.0 = Release|Any CPU
		{935F0E68-4197-4257-A80E-8AC1C08D8DDD}.AppStore|x86.Deploy.0 = Release|Any CPU
		{935F0E68-4197-4257-A80E-8AC1C08D8DDD}.Debug|Any CPU.ActiveCfg = Debug|Any CPU
		{935F0E68-4197-4257-A80E-8AC1C08D8DDD}.Debug|Any CPU.Build.0 = Debug|Any CPU
		{935F0E68-4197-4257-A80E-8AC1C08D8DDD}.Debug|Any CPU.Deploy.0 = Debug|Any CPU
		{935F0E68-4197-4257-A80E-8AC1C08D8DDD}.Debug|ARM.ActiveCfg = Debug|Any CPU
		{935F0E68-4197-4257-A80E-8AC1C08D8DDD}.Debug|ARM.Build.0 = Debug|Any CPU
		{935F0E68-4197-4257-A80E-8AC1C08D8DDD}.Debug|ARM.Deploy.0 = Debug|Any CPU
		{935F0E68-4197-4257-A80E-8AC1C08D8DDD}.Debug|iPhone.ActiveCfg = Debug|Any CPU
		{935F0E68-4197-4257-A80E-8AC1C08D8DDD}.Debug|iPhone.Build.0 = Debug|Any CPU
		{935F0E68-4197-4257-A80E-8AC1C08D8DDD}.Debug|iPhone.Deploy.0 = Debug|Any CPU
		{935F0E68-4197-4257-A80E-8AC1C08D8DDD}.Debug|iPhoneSimulator.ActiveCfg = Debug|Any CPU
		{935F0E68-4197-4257-A80E-8AC1C08D8DDD}.Debug|iPhoneSimulator.Build.0 = Debug|Any CPU
		{935F0E68-4197-4257-A80E-8AC1C08D8DDD}.Debug|iPhoneSimulator.Deploy.0 = Debug|Any CPU
		{935F0E68-4197-4257-A80E-8AC1C08D8DDD}.Debug|x64.ActiveCfg = Debug|Any CPU
		{935F0E68-4197-4257-A80E-8AC1C08D8DDD}.Debug|x64.Build.0 = Debug|Any CPU
		{935F0E68-4197-4257-A80E-8AC1C08D8DDD}.Debug|x64.Deploy.0 = Debug|Any CPU
		{935F0E68-4197-4257-A80E-8AC1C08D8DDD}.Debug|x86.ActiveCfg = Debug|Any CPU
		{935F0E68-4197-4257-A80E-8AC1C08D8DDD}.Debug|x86.Build.0 = Debug|Any CPU
		{935F0E68-4197-4257-A80E-8AC1C08D8DDD}.Debug|x86.Deploy.0 = Debug|Any CPU
		{935F0E68-4197-4257-A80E-8AC1C08D8DDD}.Release|Any CPU.ActiveCfg = Release|Any CPU
		{935F0E68-4197-4257-A80E-8AC1C08D8DDD}.Release|Any CPU.Build.0 = Release|Any CPU
		{935F0E68-4197-4257-A80E-8AC1C08D8DDD}.Release|Any CPU.Deploy.0 = Release|Any CPU
		{935F0E68-4197-4257-A80E-8AC1C08D8DDD}.Release|ARM.ActiveCfg = Release|Any CPU
		{935F0E68-4197-4257-A80E-8AC1C08D8DDD}.Release|ARM.Build.0 = Release|Any CPU
		{935F0E68-4197-4257-A80E-8AC1C08D8DDD}.Release|ARM.Deploy.0 = Release|Any CPU
		{935F0E68-4197-4257-A80E-8AC1C08D8DDD}.Release|iPhone.ActiveCfg = Release|Any CPU
		{935F0E68-4197-4257-A80E-8AC1C08D8DDD}.Release|iPhone.Build.0 = Release|Any CPU
		{935F0E68-4197-4257-A80E-8AC1C08D8DDD}.Release|iPhone.Deploy.0 = Release|Any CPU
		{935F0E68-4197-4257-A80E-8AC1C08D8DDD}.Release|iPhoneSimulator.ActiveCfg = Release|Any CPU
		{935F0E68-4197-4257-A80E-8AC1C08D8DDD}.Release|iPhoneSimulator.Build.0 = Release|Any CPU
		{935F0E68-4197-4257-A80E-8AC1C08D8DDD}.Release|iPhoneSimulator.Deploy.0 = Release|Any CPU
		{935F0E68-4197-4257-A80E-8AC1C08D8DDD}.Release|x64.ActiveCfg = Release|Any CPU
		{935F0E68-4197-4257-A80E-8AC1C08D8DDD}.Release|x64.Build.0 = Release|Any CPU
		{935F0E68-4197-4257-A80E-8AC1C08D8DDD}.Release|x64.Deploy.0 = Release|Any CPU
		{935F0E68-4197-4257-A80E-8AC1C08D8DDD}.Release|x86.ActiveCfg = Release|Any CPU
		{935F0E68-4197-4257-A80E-8AC1C08D8DDD}.Release|x86.Build.0 = Release|Any CPU
		{935F0E68-4197-4257-A80E-8AC1C08D8DDD}.Release|x86.Deploy.0 = Release|Any CPU
	EndGlobalSection
	GlobalSection(SolutionProperties) = preSolution
		HideSolutionNode = FALSE
	EndGlobalSection
EndGlobal
